
Microsoft Visual Studio Solution File, Format Version 12.00
# Visual Studio 2013
VisualStudioVersion = 12.0.21005.1
MinimumVisualStudioVersion = 10.0.40219.1
Project("{FAE04EC0-301F-11D3-BF4B-00C04F79EFBC}") = "SigaPersonnelIntegration.View", "SigaPersonnelIntegration.View\SigaPersonnelIntegration.View.csproj", "{9351D7DA-0EE1-4CB2-BFDD-D5448569634D}"
EndProject
Project("{FAE04EC0-301F-11D3-BF4B-00C04F79EFBC}") = "SigaPersonnelIntegration.dao", "SigaPersonnelIntegration.dao\SigaPersonnelIntegration.dao.csproj", "{D88FC687-9EBE-4BF2-A187-E8D3F03D3242}"
EndProject
Project("{FAE04EC0-301F-11D3-BF4B-00C04F79EFBC}") = "SigaPersonnelIntegration.testedb", "SigaPersonnelIntegration.testedb\SigaPersonnelIntegration.testedb.csproj", "{0BE2EB69-58FD-452F-8EA7-6601EFF34C95}"
EndProject
Global
	GlobalSection(SolutionConfigurationPlatforms) = preSolution
		Debug|Any CPU = Debug|Any CPU
		Release|Any CPU = Release|Any CPU
	EndGlobalSection
	GlobalSection(ProjectConfigurationPlatforms) = postSolution
		{9351D7DA-0EE1-4CB2-BFDD-D5448569634D}.Debug|Any CPU.ActiveCfg = Debug|Any CPU
		{9351D7DA-0EE1-4CB2-BFDD-D5448569634D}.Debug|Any CPU.Build.0 = Debug|Any CPU
		{9351D7DA-0EE1-4CB2-BFDD-D5448569634D}.Release|Any CPU.ActiveCfg = Release|Any CPU
		{9351D7DA-0EE1-4CB2-BFDD-D5448569634D}.Release|Any CPU.Build.0 = Release|Any CPU
		{D88FC687-9EBE-4BF2-A187-E8D3F03D3242}.Debug|Any CPU.ActiveCfg = Debug|Any CPU
		{D88FC687-9EBE-4BF2-A187-E8D3F03D3242}.Debug|Any CPU.Build.0 = Debug|Any CPU
		{D88FC687-9EBE-4BF2-A187-E8D3F03D3242}.Release|Any CPU.ActiveCfg = Release|Any CPU
		{D88FC687-9EBE-4BF2-A187-E8D3F03D3242}.Release|Any CPU.Build.0 = Release|Any CPU
		{0BE2EB69-58FD-452F-8EA7-6601EFF34C95}.Debug|Any CPU.ActiveCfg = Debug|Any CPU
		{0BE2EB69-58FD-452F-8EA7-6601EFF34C95}.Debug|Any CPU.Build.0 = Debug|Any CPU
		{0BE2EB69-58FD-452F-8EA7-6601EFF34C95}.Release|Any CPU.ActiveCfg = Release|Any CPU
		{0BE2EB69-58FD-452F-8EA7-6601EFF34C95}.Release|Any CPU.Build.0 = Release|Any CPU
	EndGlobalSection
	GlobalSection(SolutionProperties) = preSolution
		HideSolutionNode = FALSE
	EndGlobalSection
EndGlobal
